
Microsoft Visual Studio Solution File, Format Version 12.00
# Visual Studio Version 16
VisualStudioVersion = 16.0.31424.327
MinimumVisualStudioVersion = 10.0.40219.1
Project("{2150E333-8FDC-42A3-9474-1A3956D46DE8}") = "Src", "Src", "{AE1FA8A4-49E9-4B20-819E-C1909C81868A}"
EndProject
Project("{2150E333-8FDC-42A3-9474-1A3956D46DE8}") = "Tests", "Tests", "{87C29ACD-54EA-4EF1-AA88-1BFB28FB5D47}"
EndProject
Project("{2150E333-8FDC-42A3-9474-1A3956D46DE8}") = "Core", "Core", "{64C3D27A-F323-439D-B5AF-5D392432076F}"
EndProject
Project("{2150E333-8FDC-42A3-9474-1A3956D46DE8}") = "Presentation", "Presentation", "{BB6C4653-1BCD-4199-936A-2C11C63E4E90}"
EndProject
Project("{9A19103F-16F7-4668-BE54-9A1E7A4F7556}") = "Dgk.Mvc", "Dgk.Mvc\Dgk.Mvc.csproj", "{132AA4CD-D6E3-4A8D-A687-4B059CEE4ECA}"
EndProject
Project("{2150E333-8FDC-42A3-9474-1A3956D46DE8}") = "Insfratracture", "Insfratracture", "{8EE3D688-5F6C-42F8-A41D-729ABFB67438}"
EndProject
Project("{FAE04EC0-301F-11D3-BF4B-00C04F79EFBC}") = "Dgk.Application", "Dgk.Application\Dgk.Application.csproj", "{662DA278-1CDA-491C-BFF8-2FA60021F510}"
EndProject
Project("{FAE04EC0-301F-11D3-BF4B-00C04F79EFBC}") = "Dgk.Domain", "Dgk.Domain\Dgk.Domain.csproj", "{4CA17293-A2FE-4991-9A7A-6B5D7D95ED3F}"
EndProject
Project("{FAE04EC0-301F-11D3-BF4B-00C04F79EFBC}") = "Dgk.Persistence", "Dgk.Persistence\Dgk.Persistence.csproj", "{B8C70C20-820E-4CB5-9151-D8CFCABFC0EB}"
EndProject
Project("{FAE04EC0-301F-11D3-BF4B-00C04F79EFBC}") = "Dgk.Insfratracture", "Dgk.Insfratracture\Dgk.Insfratracture.csproj", "{524AD859-9331-4EC1-B48C-4FD305935FAF}"
EndProject
Global
	GlobalSection(SolutionConfigurationPlatforms) = preSolution
		Debug|Any CPU = Debug|Any CPU
		Release|Any CPU = Release|Any CPU
	EndGlobalSection
	GlobalSection(ProjectConfigurationPlatforms) = postSolution
		{132AA4CD-D6E3-4A8D-A687-4B059CEE4ECA}.Debug|Any CPU.ActiveCfg = Debug|Any CPU
		{132AA4CD-D6E3-4A8D-A687-4B059CEE4ECA}.Debug|Any CPU.Build.0 = Debug|Any CPU
		{132AA4CD-D6E3-4A8D-A687-4B059CEE4ECA}.Release|Any CPU.ActiveCfg = Release|Any CPU
		{132AA4CD-D6E3-4A8D-A687-4B059CEE4ECA}.Release|Any CPU.Build.0 = Release|Any CPU
		{662DA278-1CDA-491C-BFF8-2FA60021F510}.Debug|Any CPU.ActiveCfg = Debug|Any CPU
		{662DA278-1CDA-491C-BFF8-2FA60021F510}.Debug|Any CPU.Build.0 = Debug|Any CPU
		{662DA278-1CDA-491C-BFF8-2FA60021F510}.Release|Any CPU.ActiveCfg = Release|Any CPU
		{662DA278-1CDA-491C-BFF8-2FA60021F510}.Release|Any CPU.Build.0 = Release|Any CPU
		{4CA17293-A2FE-4991-9A7A-6B5D7D95ED3F}.Debug|Any CPU.ActiveCfg = Debug|Any CPU
		{4CA17293-A2FE-4991-9A7A-6B5D7D95ED3F}.Debug|Any CPU.Build.0 = Debug|Any CPU
		{4CA17293-A2FE-4991-9A7A-6B5D7D95ED3F}.Release|Any CPU.ActiveCfg = Release|Any CPU
		{4CA17293-A2FE-4991-9A7A-6B5D7D95ED3F}.Release|Any CPU.Build.0 = Release|Any CPU
		{B8C70C20-820E-4CB5-9151-D8CFCABFC0EB}.Debug|Any CPU.ActiveCfg = Debug|Any CPU
		{B8C70C20-820E-4CB5-9151-D8CFCABFC0EB}.Debug|Any CPU.Build.0 = Debug|Any CPU
		{B8C70C20-820E-4CB5-9151-D8CFCABFC0EB}.Release|Any CPU.ActiveCfg = Release|Any CPU
		{B8C70C20-820E-4CB5-9151-D8CFCABFC0EB}.Release|Any CPU.Build.0 = Release|Any CPU
		{524AD859-9331-4EC1-B48C-4FD305935FAF}.Debug|Any CPU.ActiveCfg = Debug|Any CPU
		{524AD859-9331-4EC1-B48C-4FD305935FAF}.Debug|Any CPU.Build.0 = Debug|Any CPU
		{524AD859-9331-4EC1-B48C-4FD305935FAF}.Release|Any CPU.ActiveCfg = Release|Any CPU
		{524AD859-9331-4EC1-B48C-4FD305935FAF}.Release|Any CPU.Build.0 = Release|Any CPU
	EndGlobalSection
	GlobalSection(SolutionProperties) = preSolution
		HideSolutionNode = FALSE
	EndGlobalSection
	GlobalSection(NestedProjects) = preSolution
		{64C3D27A-F323-439D-B5AF-5D392432076F} = {AE1FA8A4-49E9-4B20-819E-C1909C81868A}
		{BB6C4653-1BCD-4199-936A-2C11C63E4E90} = {AE1FA8A4-49E9-4B20-819E-C1909C81868A}
		{132AA4CD-D6E3-4A8D-A687-4B059CEE4ECA} = {BB6C4653-1BCD-4199-936A-2C11C63E4E90}
		{8EE3D688-5F6C-42F8-A41D-729ABFB67438} = {AE1FA8A4-49E9-4B20-819E-C1909C81868A}
		{662DA278-1CDA-491C-BFF8-2FA60021F510} = {64C3D27A-F323-439D-B5AF-5D392432076F}
		{4CA17293-A2FE-4991-9A7A-6B5D7D95ED3F} = {64C3D27A-F323-439D-B5AF-5D392432076F}
		{B8C70C20-820E-4CB5-9151-D8CFCABFC0EB} = {8EE3D688-5F6C-42F8-A41D-729ABFB67438}
		{524AD859-9331-4EC1-B48C-4FD305935FAF} = {8EE3D688-5F6C-42F8-A41D-729ABFB67438}
	EndGlobalSection
	GlobalSection(ExtensibilityGlobals) = postSolution
		SolutionGuid = {DAE54B84-B316-4192-8064-259BF9CFFE7D}
	EndGlobalSection
EndGlobal
